// !$*UTF8*$!
{
	archiveVersion = 1;
	classes = {
	};
	objectVersion = 46;
	objects = {

/* Begin PBXBuildFile section */
		D72CAE131DD570FA00D0F08E /* DKCustomDemoViewController.m in Sources */ = {isa = PBXBuildFile; fileRef = D72CAE111DD570FA00D0F08E /* DKCustomDemoViewController.m */; };
		D72CAE141DD570FA00D0F08E /* DKCustomDemoViewController.xib in Resources */ = {isa = PBXBuildFile; fileRef = D72CAE121DD570FA00D0F08E /* DKCustomDemoViewController.xib */; };
		D744FA6C1DD7070500615D3B /* DKPullDownResult.m in Sources */ = {isa = PBXBuildFile; fileRef = D744FA6B1DD7070500615D3B /* DKPullDownResult.m */; };
		D7599C5F1DD6CB7900B47746 /* DKPullDownMenu.bundle in Resources */ = {isa = PBXBuildFile; fileRef = D7599C5E1DD6CB7900B47746 /* DKPullDownMenu.bundle */; };
		D7B9FCFB1DD417A200356F4A /* main.m in Sources */ = {isa = PBXBuildFile; fileRef = D7B9FCFA1DD417A200356F4A /* main.m */; };
		D7B9FCFE1DD417A200356F4A /* AppDelegate.m in Sources */ = {isa = PBXBuildFile; fileRef = D7B9FCFD1DD417A200356F4A /* AppDelegate.m */; };
		D7B9FD011DD417A200356F4A /* DKPullDownMenuExampleViewController.m in Sources */ = {isa = PBXBuildFile; fileRef = D7B9FD001DD417A200356F4A /* DKPullDownMenuExampleViewController.m */; };
		D7B9FD041DD417A200356F4A /* Main.storyboard in Resources */ = {isa = PBXBuildFile; fileRef = D7B9FD021DD417A200356F4A /* Main.storyboard */; };
		D7B9FD061DD417A200356F4A /* Assets.xcassets in Resources */ = {isa = PBXBuildFile; fileRef = D7B9FD051DD417A200356F4A /* Assets.xcassets */; };
		D7B9FD091DD417A200356F4A /* LaunchScreen.storyboard in Resources */ = {isa = PBXBuildFile; fileRef = D7B9FD071DD417A200356F4A /* LaunchScreen.storyboard */; };
		D7B9FD131DD418B700356F4A /* DKPullDownBaseMenu.m in Sources */ = {isa = PBXBuildFile; fileRef = D7B9FD121DD418B700356F4A /* DKPullDownBaseMenu.m */; };
		D7B9FD161DD41B1700356F4A /* DKPullDownCover.m in Sources */ = {isa = PBXBuildFile; fileRef = D7B9FD151DD41B1700356F4A /* DKPullDownCover.m */; };
		D7B9FD191DD4265300356F4A /* DKPullDownSingleSelectViewController.m in Sources */ = {isa = PBXBuildFile; fileRef = D7B9FD181DD4265300356F4A /* DKPullDownSingleSelectViewController.m */; };
		D7B9FD1C1DD426AC00356F4A /* DKPullDownSingleSelectCell.m in Sources */ = {isa = PBXBuildFile; fileRef = D7B9FD1B1DD426AC00356F4A /* DKPullDownSingleSelectCell.m */; };
		D7B9FD1F1DD4341800356F4A /* DKPullDownMenu.m in Sources */ = {isa = PBXBuildFile; fileRef = D7B9FD1E1DD4341800356F4A /* DKPullDownMenu.m */; };
		D7B9FD221DD4367300356F4A /* DKPullDownTitleButton.m in Sources */ = {isa = PBXBuildFile; fileRef = D7B9FD211DD4367300356F4A /* DKPullDownTitleButton.m */; };
		D7B9FD251DD4422400356F4A /* DKPullDownMultiSelectViewController.m in Sources */ = {isa = PBXBuildFile; fileRef = D7B9FD241DD4422400356F4A /* DKPullDownMultiSelectViewController.m */; };
		D7B9FD281DD442BF00356F4A /* DKPullDownMultiSelectCell.m in Sources */ = {isa = PBXBuildFile; fileRef = D7B9FD271DD442BF00356F4A /* DKPullDownMultiSelectCell.m */; };
		D7B9FD2B1DD44FEA00356F4A /* DKPullDownMenuManager.m in Sources */ = {isa = PBXBuildFile; fileRef = D7B9FD2A1DD44FEA00356F4A /* DKPullDownMenuManager.m */; };
		D7B9FD2E1DD461EF00356F4A /* DKPullDownMenuItem.m in Sources */ = {isa = PBXBuildFile; fileRef = D7B9FD2D1DD461EF00356F4A /* DKPullDownMenuItem.m */; };
		D7B9FD311DD49BF300356F4A /* DKPullDownSubTitle.m in Sources */ = {isa = PBXBuildFile; fileRef = D7B9FD301DD49BF300356F4A /* DKPullDownSubTitle.m */; };
/* End PBXBuildFile section */

/* Begin PBXFileReference section */
		D72CAE101DD570FA00D0F08E /* DKCustomDemoViewController.h */ = {isa = PBXFileReference; fileEncoding = 4; lastKnownFileType = sourcecode.c.h; path = DKCustomDemoViewController.h; sourceTree = "<group>"; };
		D72CAE111DD570FA00D0F08E /* DKCustomDemoViewController.m */ = {isa = PBXFileReference; fileEncoding = 4; lastKnownFileType = sourcecode.c.objc; path = DKCustomDemoViewController.m; sourceTree = "<group>"; };
		D72CAE121DD570FA00D0F08E /* DKCustomDemoViewController.xib */ = {isa = PBXFileReference; fileEncoding = 4; lastKnownFileType = file.xib; path = DKCustomDemoViewController.xib; sourceTree = "<group>"; };
		D744FA6A1DD7070500615D3B /* DKPullDownResult.h */ = {isa = PBXFileReference; fileEncoding = 4; lastKnownFileType = sourcecode.c.h; path = DKPullDownResult.h; sourceTree = "<group>"; };
		D744FA6B1DD7070500615D3B /* DKPullDownResult.m */ = {isa = PBXFileReference; fileEncoding = 4; lastKnownFileType = sourcecode.c.objc; path = DKPullDownResult.m; sourceTree = "<group>"; };
		D7599C5E1DD6CB7900B47746 /* DKPullDownMenu.bundle */ = {isa = PBXFileReference; lastKnownFileType = "wrapper.plug-in"; path = DKPullDownMenu.bundle; sourceTree = "<group>"; };
		D7B9FCF61DD417A200356F4A /* DKPullDownMenuExample.app */ = {isa = PBXFileReference; explicitFileType = wrapper.application; includeInIndex = 0; path = DKPullDownMenuExample.app; sourceTree = BUILT_PRODUCTS_DIR; };
		D7B9FCFA1DD417A200356F4A /* main.m */ = {isa = PBXFileReference; lastKnownFileType = sourcecode.c.objc; path = main.m; sourceTree = "<group>"; };
		D7B9FCFC1DD417A200356F4A /* AppDelegate.h */ = {isa = PBXFileReference; lastKnownFileType = sourcecode.c.h; path = AppDelegate.h; sourceTree = "<group>"; };
		D7B9FCFD1DD417A200356F4A /* AppDelegate.m */ = {isa = PBXFileReference; lastKnownFileType = sourcecode.c.objc; path = AppDelegate.m; sourceTree = "<group>"; };
		D7B9FCFF1DD417A200356F4A /* DKPullDownMenuExampleViewController.h */ = {isa = PBXFileReference; lastKnownFileType = sourcecode.c.h; path = DKPullDownMenuExampleViewController.h; sourceTree = "<group>"; };
		D7B9FD001DD417A200356F4A /* DKPullDownMenuExampleViewController.m */ = {isa = PBXFileReference; lastKnownFileType = sourcecode.c.objc; path = DKPullDownMenuExampleViewController.m; sourceTree = "<group>"; };
		D7B9FD031DD417A200356F4A /* Base */ = {isa = PBXFileReference; lastKnownFileType = file.storyboard; name = Base; path = Base.lproj/Main.storyboard; sourceTree = "<group>"; };
		D7B9FD051DD417A200356F4A /* Assets.xcassets */ = {isa = PBXFileReference; lastKnownFileType = folder.assetcatalog; path = Assets.xcassets; sourceTree = "<group>"; };
		D7B9FD081DD417A200356F4A /* Base */ = {isa = PBXFileReference; lastKnownFileType = file.storyboard; name = Base; path = Base.lproj/LaunchScreen.storyboard; sourceTree = "<group>"; };
		D7B9FD0A1DD417A200356F4A /* Info.plist */ = {isa = PBXFileReference; lastKnownFileType = text.plist.xml; path = Info.plist; sourceTree = "<group>"; };
		D7B9FD111DD418B700356F4A /* DKPullDownBaseMenu.h */ = {isa = PBXFileReference; fileEncoding = 4; lastKnownFileType = sourcecode.c.h; path = DKPullDownBaseMenu.h; sourceTree = "<group>"; };
		D7B9FD121DD418B700356F4A /* DKPullDownBaseMenu.m */ = {isa = PBXFileReference; fileEncoding = 4; lastKnownFileType = sourcecode.c.objc; path = DKPullDownBaseMenu.m; sourceTree = "<group>"; };
		D7B9FD141DD41B1700356F4A /* DKPullDownCover.h */ = {isa = PBXFileReference; fileEncoding = 4; lastKnownFileType = sourcecode.c.h; path = DKPullDownCover.h; sourceTree = "<group>"; };
		D7B9FD151DD41B1700356F4A /* DKPullDownCover.m */ = {isa = PBXFileReference; fileEncoding = 4; lastKnownFileType = sourcecode.c.objc; path = DKPullDownCover.m; sourceTree = "<group>"; };
		D7B9FD171DD4265300356F4A /* DKPullDownSingleSelectViewController.h */ = {isa = PBXFileReference; fileEncoding = 4; lastKnownFileType = sourcecode.c.h; path = DKPullDownSingleSelectViewController.h; sourceTree = "<group>"; };
		D7B9FD181DD4265300356F4A /* DKPullDownSingleSelectViewController.m */ = {isa = PBXFileReference; fileEncoding = 4; lastKnownFileType = sourcecode.c.objc; path = DKPullDownSingleSelectViewController.m; sourceTree = "<group>"; };
		D7B9FD1A1DD426AC00356F4A /* DKPullDownSingleSelectCell.h */ = {isa = PBXFileReference; fileEncoding = 4; lastKnownFileType = sourcecode.c.h; path = DKPullDownSingleSelectCell.h; sourceTree = "<group>"; };
		D7B9FD1B1DD426AC00356F4A /* DKPullDownSingleSelectCell.m */ = {isa = PBXFileReference; fileEncoding = 4; lastKnownFileType = sourcecode.c.objc; path = DKPullDownSingleSelectCell.m; sourceTree = "<group>"; };
		D7B9FD1D1DD4341800356F4A /* DKPullDownMenu.h */ = {isa = PBXFileReference; fileEncoding = 4; lastKnownFileType = sourcecode.c.h; path = DKPullDownMenu.h; sourceTree = "<group>"; };
		D7B9FD1E1DD4341800356F4A /* DKPullDownMenu.m */ = {isa = PBXFileReference; fileEncoding = 4; lastKnownFileType = sourcecode.c.objc; path = DKPullDownMenu.m; sourceTree = "<group>"; };
		D7B9FD201DD4367300356F4A /* DKPullDownTitleButton.h */ = {isa = PBXFileReference; fileEncoding = 4; lastKnownFileType = sourcecode.c.h; path = DKPullDownTitleButton.h; sourceTree = "<group>"; };
		D7B9FD211DD4367300356F4A /* DKPullDownTitleButton.m */ = {isa = PBXFileReference; fileEncoding = 4; lastKnownFileType = sourcecode.c.objc; path = DKPullDownTitleButton.m; sourceTree = "<group>"; };
		D7B9FD231DD4422400356F4A /* DKPullDownMultiSelectViewController.h */ = {isa = PBXFileReference; fileEncoding = 4; lastKnownFileType = sourcecode.c.h; path = DKPullDownMultiSelectViewController.h; sourceTree = "<group>"; };
		D7B9FD241DD4422400356F4A /* DKPullDownMultiSelectViewController.m */ = {isa = PBXFileReference; fileEncoding = 4; lastKnownFileType = sourcecode.c.objc; path = DKPullDownMultiSelectViewController.m; sourceTree = "<group>"; };
		D7B9FD261DD442BF00356F4A /* DKPullDownMultiSelectCell.h */ = {isa = PBXFileReference; fileEncoding = 4; lastKnownFileType = sourcecode.c.h; path = DKPullDownMultiSelectCell.h; sourceTree = "<group>"; };
		D7B9FD271DD442BF00356F4A /* DKPullDownMultiSelectCell.m */ = {isa = PBXFileReference; fileEncoding = 4; lastKnownFileType = sourcecode.c.objc; path = DKPullDownMultiSelectCell.m; sourceTree = "<group>"; };
		D7B9FD291DD44FEA00356F4A /* DKPullDownMenuManager.h */ = {isa = PBXFileReference; fileEncoding = 4; lastKnownFileType = sourcecode.c.h; path = DKPullDownMenuManager.h; sourceTree = "<group>"; };
		D7B9FD2A1DD44FEA00356F4A /* DKPullDownMenuManager.m */ = {isa = PBXFileReference; fileEncoding = 4; lastKnownFileType = sourcecode.c.objc; path = DKPullDownMenuManager.m; sourceTree = "<group>"; };
		D7B9FD2C1DD461EF00356F4A /* DKPullDownMenuItem.h */ = {isa = PBXFileReference; fileEncoding = 4; lastKnownFileType = sourcecode.c.h; path = DKPullDownMenuItem.h; sourceTree = "<group>"; };
		D7B9FD2D1DD461EF00356F4A /* DKPullDownMenuItem.m */ = {isa = PBXFileReference; fileEncoding = 4; lastKnownFileType = sourcecode.c.objc; path = DKPullDownMenuItem.m; sourceTree = "<group>"; };
		D7B9FD2F1DD49BF300356F4A /* DKPullDownSubTitle.h */ = {isa = PBXFileReference; fileEncoding = 4; lastKnownFileType = sourcecode.c.h; path = DKPullDownSubTitle.h; sourceTree = "<group>"; };
		D7B9FD301DD49BF300356F4A /* DKPullDownSubTitle.m */ = {isa = PBXFileReference; fileEncoding = 4; lastKnownFileType = sourcecode.c.objc; path = DKPullDownSubTitle.m; sourceTree = "<group>"; };
/* End PBXFileReference section */

/* Begin PBXFrameworksBuildPhase section */
		D7B9FCF31DD417A200356F4A /* Frameworks */ = {
			isa = PBXFrameworksBuildPhase;
			buildActionMask = 2147483647;
			files = (
			);
			runOnlyForDeploymentPostprocessing = 0;
		};
/* End PBXFrameworksBuildPhase section */

/* Begin PBXGroup section */
		D7B9FCED1DD417A200356F4A = {
			isa = PBXGroup;
			children = (
				D7B9FCF81DD417A200356F4A /* DKPullDownMenuExample */,
				D7B9FCF71DD417A200356F4A /* Products */,
			);
			sourceTree = "<group>";
		};
		D7B9FCF71DD417A200356F4A /* Products */ = {
			isa = PBXGroup;
			children = (
				D7B9FCF61DD417A200356F4A /* DKPullDownMenuExample.app */,
			);
			name = Products;
			sourceTree = "<group>";
		};
		D7B9FCF81DD417A200356F4A /* DKPullDownMenuExample */ = {
			isa = PBXGroup;
			children = (
				D7B9FD101DD417D700356F4A /* DKPullDownMenu */,
				D7B9FCFC1DD417A200356F4A /* AppDelegate.h */,
				D7B9FCFD1DD417A200356F4A /* AppDelegate.m */,
				D7B9FCFF1DD417A200356F4A /* DKPullDownMenuExampleViewController.h */,
				D7B9FD001DD417A200356F4A /* DKPullDownMenuExampleViewController.m */,
				D72CAE101DD570FA00D0F08E /* DKCustomDemoViewController.h */,
				D72CAE111DD570FA00D0F08E /* DKCustomDemoViewController.m */,
				D72CAE121DD570FA00D0F08E /* DKCustomDemoViewController.xib */,
				D7B9FD021DD417A200356F4A /* Main.storyboard */,
				D7B9FD051DD417A200356F4A /* Assets.xcassets */,
				D7B9FD071DD417A200356F4A /* LaunchScreen.storyboard */,
				D7B9FD0A1DD417A200356F4A /* Info.plist */,
				D7B9FCF91DD417A200356F4A /* Supporting Files */,
			);
			path = DKPullDownMenuExample;
			sourceTree = "<group>";
		};
		D7B9FCF91DD417A200356F4A /* Supporting Files */ = {
			isa = PBXGroup;
			children = (
				D7B9FCFA1DD417A200356F4A /* main.m */,
			);
			name = "Supporting Files";
			sourceTree = "<group>";
		};
		D7B9FD101DD417D700356F4A /* DKPullDownMenu */ = {
			isa = PBXGroup;
			children = (
				D7599C5E1DD6CB7900B47746 /* DKPullDownMenu.bundle */,
				D7B9FD1D1DD4341800356F4A /* DKPullDownMenu.h */,
				D7B9FD1E1DD4341800356F4A /* DKPullDownMenu.m */,
				D7B9FD111DD418B700356F4A /* DKPullDownBaseMenu.h */,
				D7B9FD121DD418B700356F4A /* DKPullDownBaseMenu.m */,
				D7B9FD2C1DD461EF00356F4A /* DKPullDownMenuItem.h */,
				D7B9FD2D1DD461EF00356F4A /* DKPullDownMenuItem.m */,
				D7B9FD201DD4367300356F4A /* DKPullDownTitleButton.h */,
				D7B9FD211DD4367300356F4A /* DKPullDownTitleButton.m */,
				D7B9FD141DD41B1700356F4A /* DKPullDownCover.h */,
				D7B9FD151DD41B1700356F4A /* DKPullDownCover.m */,
				D7B9FD171DD4265300356F4A /* DKPullDownSingleSelectViewController.h */,
				D7B9FD181DD4265300356F4A /* DKPullDownSingleSelectViewController.m */,
				D7B9FD1A1DD426AC00356F4A /* DKPullDownSingleSelectCell.h */,
				D7B9FD1B1DD426AC00356F4A /* DKPullDownSingleSelectCell.m */,
				D7B9FD231DD4422400356F4A /* DKPullDownMultiSelectViewController.h */,
				D7B9FD241DD4422400356F4A /* DKPullDownMultiSelectViewController.m */,
				D7B9FD261DD442BF00356F4A /* DKPullDownMultiSelectCell.h */,
				D7B9FD271DD442BF00356F4A /* DKPullDownMultiSelectCell.m */,
				D7B9FD2F1DD49BF300356F4A /* DKPullDownSubTitle.h */,
				D7B9FD301DD49BF300356F4A /* DKPullDownSubTitle.m */,
				D7B9FD291DD44FEA00356F4A /* DKPullDownMenuManager.h */,
				D7B9FD2A1DD44FEA00356F4A /* DKPullDownMenuManager.m */,
				D744FA6A1DD7070500615D3B /* DKPullDownResult.h */,
				D744FA6B1DD7070500615D3B /* DKPullDownResult.m */,
			);
			path = DKPullDownMenu;
			sourceTree = "<group>";
		};
/* End PBXGroup section */

/* Begin PBXNativeTarget section */
		D7B9FCF51DD417A200356F4A /* DKPullDownMenuExample */ = {
			isa = PBXNativeTarget;
			buildConfigurationList = D7B9FD0D1DD417A200356F4A /* Build configuration list for PBXNativeTarget "DKPullDownMenuExample" */;
			buildPhases = (
				D7B9FCF21DD417A200356F4A /* Sources */,
				D7B9FCF31DD417A200356F4A /* Frameworks */,
				D7B9FCF41DD417A200356F4A /* Resources */,
			);
			buildRules = (
			);
			dependencies = (
			);
			name = DKPullDownMenuExample;
			productName = DKPullDownMenuExample;
			productReference = D7B9FCF61DD417A200356F4A /* DKPullDownMenuExample.app */;
			productType = "com.apple.product-type.application";
		};
/* End PBXNativeTarget section */

/* Begin PBXProject section */
		D7B9FCEE1DD417A200356F4A /* Project object */ = {
			isa = PBXProject;
			attributes = {
				LastUpgradeCheck = 0810;
				ORGANIZATIONNAME = cn.dankal;
				TargetAttributes = {
					D7B9FCF51DD417A200356F4A = {
						CreatedOnToolsVersion = 8.1;
						DevelopmentTeam = G8M2K7562P;
						ProvisioningStyle = Automatic;
					};
				};
			};
			buildConfigurationList = D7B9FCF11DD417A200356F4A /* Build configuration list for PBXProject "DKPullDownMenuExample" */;
			compatibilityVersion = "Xcode 3.2";
			developmentRegion = English;
			hasScannedForEncodings = 0;
			knownRegions = (
				en,
				Base,
			);
			mainGroup = D7B9FCED1DD417A200356F4A;
			productRefGroup = D7B9FCF71DD417A200356F4A /* Products */;
			projectDirPath = "";
			projectRoot = "";
			targets = (
				D7B9FCF51DD417A200356F4A /* DKPullDownMenuExample */,
			);
		};
/* End PBXProject section */

/* Begin PBXResourcesBuildPhase section */
		D7B9FCF41DD417A200356F4A /* Resources */ = {
			isa = PBXResourcesBuildPhase;
			buildActionMask = 2147483647;
			files = (
				D7599C5F1DD6CB7900B47746 /* DKPullDownMenu.bundle in Resources */,
				D7B9FD091DD417A200356F4A /* LaunchScreen.storyboard in Resources */,
				D72CAE141DD570FA00D0F08E /* DKCustomDemoViewController.xib in Resources */,
				D7B9FD061DD417A200356F4A /* Assets.xcassets in Resources */,
				D7B9FD041DD417A200356F4A /* Main.storyboard in Resources */,
			);
			runOnlyForDeploymentPostprocessing = 0;
		};
/* End PBXResourcesBuildPhase section */

/* Begin PBXSourcesBuildPhase section */
		D7B9FCF21DD417A200356F4A /* Sources */ = {
			isa = PBXSourcesBuildPhase;
			buildActionMask = 2147483647;
			files = (
				D744FA6C1DD7070500615D3B /* DKPullDownResult.m in Sources */,
				D7B9FD191DD4265300356F4A /* DKPullDownSingleSelectViewController.m in Sources */,
				D7B9FD221DD4367300356F4A /* DKPullDownTitleButton.m in Sources */,
				D7B9FD161DD41B1700356F4A /* DKPullDownCover.m in Sources */,
				D7B9FD011DD417A200356F4A /* DKPullDownMenuExampleViewController.m in Sources */,
				D7B9FD2E1DD461EF00356F4A /* DKPullDownMenuItem.m in Sources */,
				D7B9FD251DD4422400356F4A /* DKPullDownMultiSelectViewController.m in Sources */,
				D7B9FD311DD49BF300356F4A /* DKPullDownSubTitle.m in Sources */,
				D7B9FCFE1DD417A200356F4A /* AppDelegate.m in Sources */,
				D7B9FD1F1DD4341800356F4A /* DKPullDownMenu.m in Sources */,
				D7B9FD281DD442BF00356F4A /* DKPullDownMultiSelectCell.m in Sources */,
				D7B9FD1C1DD426AC00356F4A /* DKPullDownSingleSelectCell.m in Sources */,
				D72CAE131DD570FA00D0F08E /* DKCustomDemoViewController.m in Sources */,
				D7B9FCFB1DD417A200356F4A /* main.m in Sources */,
				D7B9FD2B1DD44FEA00356F4A /* DKPullDownMenuManager.m in Sources */,
				D7B9FD131DD418B700356F4A /* DKPullDownBaseMenu.m in Sources */,
			);
			runOnlyForDeploymentPostprocessing = 0;
		};
/* End PBXSourcesBuildPhase section */

/* Begin PBXVariantGroup section */
		D7B9FD021DD417A200356F4A /* Main.storyboard */ = {
			isa = PBXVariantGroup;
			children = (
				D7B9FD031DD417A200356F4A /* Base */,
			);
			name = Main.storyboard;
			sourceTree = "<group>";
		};
		D7B9FD071DD417A200356F4A /* LaunchScreen.storyboard */ = {
			isa = PBXVariantGroup;
			children = (
				D7B9FD081DD417A200356F4A /* Base */,
			);
			name = LaunchScreen.storyboard;
			sourceTree = "<group>";
		};
/* End PBXVariantGroup section */

/* Begin XCBuildConfiguration section */
		D7B9FD0B1DD417A200356F4A /* Debug */ = {
			isa = XCBuildConfiguration;
			buildSettings = {
				ALWAYS_SEARCH_USER_PATHS = NO;
				CLANG_ANALYZER_NONNULL = YES;
				CLANG_CXX_LANGUAGE_STANDARD = "gnu++0x";
				CLANG_CXX_LIBRARY = "libc++";
				CLANG_ENABLE_MODULES = YES;
				CLANG_ENABLE_OBJC_ARC = YES;
				CLANG_WARN_BOOL_CONVERSION = YES;
				CLANG_WARN_CONSTANT_CONVERSION = YES;
				CLANG_WARN_DIRECT_OBJC_ISA_USAGE = YES_ERROR;
				CLANG_WARN_DOCUMENTATION_COMMENTS = YES;
				CLANG_WARN_EMPTY_BODY = YES;
				CLANG_WARN_ENUM_CONVERSION = YES;
				CLANG_WARN_INFINITE_RECURSION = YES;
				CLANG_WARN_INT_CONVERSION = YES;
				CLANG_WARN_OBJC_ROOT_CLASS = YES_ERROR;
				CLANG_WARN_SUSPICIOUS_MOVES = YES;
				CLANG_WARN_UNREACHABLE_CODE = YES;
				CLANG_WARN__DUPLICATE_METHOD_MATCH = YES;
				"CODE_SIGN_IDENTITY[sdk=iphoneos*]" = "iPhone Developer";
				COPY_PHASE_STRIP = NO;
				DEBUG_INFORMATION_FORMAT = dwarf;
				ENABLE_STRICT_OBJC_MSGSEND = YES;
				ENABLE_TESTABILITY = YES;
				GCC_C_LANGUAGE_STANDARD = gnu99;
				GCC_DYNAMIC_NO_PIC = NO;
				GCC_NO_COMMON_BLOCKS = YES;
				GCC_OPTIMIZATION_LEVEL = 0;
				GCC_PREPROCESSOR_DEFINITIONS = (
					"DEBUG=1",
					"$(inherited)",
				);
				GCC_WARN_64_TO_32_BIT_CONVERSION = YES;
				GCC_WARN_ABOUT_RETURN_TYPE = YES_ERROR;
				GCC_WARN_UNDECLARED_SELECTOR = YES;
				GCC_WARN_UNINITIALIZED_AUTOS = YES_AGGRESSIVE;
				GCC_WARN_UNUSED_FUNCTION = YES;
				GCC_WARN_UNUSED_VARIABLE = YES;
				IPHONEOS_DEPLOYMENT_TARGET = 8.0;
				MTL_ENABLE_DEBUG_INFO = YES;
				ONLY_ACTIVE_ARCH = YES;
				SDKROOT = iphoneos;
				TARGETED_DEVICE_FAMILY = "1,2";
			};
			name = Debug;
		};
		D7B9FD0C1DD417A200356F4A /* Release */ = {
			isa = XCBuildConfiguration;
			buildSettings = {
				ALWAYS_SEARCH_USER_PATHS = NO;
				CLANG_ANALYZER_NONNULL = YES;
				CLANG_CXX_LANGUAGE_STANDARD = "gnu++0x";
				CLANG_CXX_LIBRARY = "libc++";
				CLANG_ENABLE_MODULES = YES;
				CLANG_ENABLE_OBJC_ARC = YES;
				CLANG_WARN_BOOL_CONVERSION = YES;
				CLANG_WARN_CONSTANT_CONVERSION = YES;
				CLANG_WARN_DIRECT_OBJC_ISA_USAGE = YES_ERROR;
				CLANG_WARN_DOCUMENTATION_COMMENTS = YES;
				CLANG_WARN_EMPTY_BODY = YES;
				CLANG_WARN_ENUM_CONVERSION = YES;
				CLANG_WARN_INFINITE_RECURSION = YES;
				CLANG_WARN_INT_CONVERSION = YES;
				CLANG_WARN_OBJC_ROOT_CLASS = YES_ERROR;
				CLANG_WARN_SUSPICIOUS_MOVES = YES;
				CLANG_WARN_UNREACHABLE_CODE = YES;
				CLANG_WARN__DUPLICATE_METHOD_MATCH = YES;
				"CODE_SIGN_IDENTITY[sdk=iphoneos*]" = "iPhone Developer";
				COPY_PHASE_STRIP = NO;
				DEBUG_INFORMATION_FORMAT = "dwarf-with-dsym";
				ENABLE_NS_ASSERTIONS = NO;
				ENABLE_STRICT_OBJC_MSGSEND = YES;
				GCC_C_LANGUAGE_STANDARD = gnu99;
				GCC_NO_COMMON_BLOCKS = YES;
				GCC_WARN_64_TO_32_BIT_CONVERSION = YES;
				GCC_WARN_ABOUT_RETURN_TYPE = YES_ERROR;
				GCC_WARN_UNDECLARED_SELECTOR = YES;
				GCC_WARN_UNINITIALIZED_AUTOS = YES_AGGRESSIVE;
				GCC_WARN_UNUSED_FUNCTION = YES;
				GCC_WARN_UNUSED_VARIABLE = YES;
				IPHONEOS_DEPLOYMENT_TARGET = 8.0;
				MTL_ENABLE_DEBUG_INFO = NO;
				SDKROOT = iphoneos;
				TARGETED_DEVICE_FAMILY = "1,2";
				VALIDATE_PRODUCT = YES;
			};
			name = Release;
		};
		D7B9FD0E1DD417A200356F4A /* Debug */ = {
			isa = XCBuildConfiguration;
			buildSettings = {
				ASSETCATALOG_COMPILER_APPICON_NAME = AppIcon;
				DEVELOPMENT_TEAM = G8M2K7562P;
				INFOPLIST_FILE = DKPullDownMenuExample/Info.plist;
				IPHONEOS_DEPLOYMENT_TARGET = 8.0;
				LD_RUNPATH_SEARCH_PATHS = "$(inherited) @executable_path/Frameworks";
				PRODUCT_BUNDLE_IDENTIFIER = cn.dankal.DKPullDownMenuExample;
				PRODUCT_NAME = "$(TARGET_NAME)";
			};
			name = Debug;
		};
		D7B9FD0F1DD417A200356F4A /* Release */ = {
			isa = XCBuildConfiguration;
			buildSettings = {
				ASSETCATALOG_COMPILER_APPICON_NAME = AppIcon;
				DEVELOPMENT_TEAM = G8M2K7562P;
				INFOPLIST_FILE = DKPullDownMenuExample/Info.plist;
				IPHONEOS_DEPLOYMENT_TARGET = 8.0;
				LD_RUNPATH_SEARCH_PATHS = "$(inherited) @executable_path/Frameworks";
				PRODUCT_BUNDLE_IDENTIFIER = cn.dankal.DKPullDownMenuExample;
				PRODUCT_NAME = "$(TARGET_NAME)";
			};
			name = Release;
		};
/* End XCBuildConfiguration section */

/* Begin XCConfigurationList section */
		D7B9FCF11DD417A200356F4A /* Build configuration list for PBXProject "DKPullDownMenuExample" */ = {
			isa = XCConfigurationList;
			buildConfigurations = (
				D7B9FD0B1DD417A200356F4A /* Debug */,
				D7B9FD0C1DD417A200356F4A /* Release */,
			);
			defaultConfigurationIsVisible = 0;
			defaultConfigurationName = Release;
		};
		D7B9FD0D1DD417A200356F4A /* Build configuration list for PBXNativeTarget "DKPullDownMenuExample" */ = {
			isa = XCConfigurationList;
			buildConfigurations = (
				D7B9FD0E1DD417A200356F4A /* Debug */,
				D7B9FD0F1DD417A200356F4A /* Release */,
			);
			defaultConfigurationIsVisible = 0;
			defaultConfigurationName = Release;
		};
/* End XCConfigurationList section */
	};
	rootObject = D7B9FCEE1DD417A200356F4A /* Project object */;
}
